
Microsoft Visual Studio Solution File, Format Version 12.00
# Visual Studio Version 17
VisualStudioVersion = 17.6.33815.320
MinimumVisualStudioVersion = 10.0.40219.1
Project("{9A19103F-16F7-4668-BE54-9A1E7A4F7556}") = "NLayer.Core", "NLayer.Core\NLayer.Core.csproj", "{F151B25E-27DB-4689-BF77-B36F4993E08D}"
EndProject
Project("{9A19103F-16F7-4668-BE54-9A1E7A4F7556}") = "NLayer.Repository", "NLayer.Repository\NLayer.Repository.csproj", "{8E25E285-F041-4904-9CEC-61261D1B5A44}"
EndProject
Project("{9A19103F-16F7-4668-BE54-9A1E7A4F7556}") = "NLayer.Service", "NLayer.Service\NLayer.Service.csproj", "{23AA3FD5-2BFC-4A4D-8209-870FBC8A4D09}"
EndProject
Project("{9A19103F-16F7-4668-BE54-9A1E7A4F7556}") = "NLayer.API", "NLayer.API\NLayer.API.csproj", "{81B9B0D9-BAFA-4DCE-927F-452F4E7B8DED}"
EndProject
Project("{9A19103F-16F7-4668-BE54-9A1E7A4F7556}") = "NLayer.Web", "NLayer.Web\NLayer.Web.csproj", "{09FF9483-A96A-4C9F-BB1F-44E7E0BF9F81}"
EndProject
Project("{9A19103F-16F7-4668-BE54-9A1E7A4F7556}") = "NLayer.Caching", "NLayer.Caching\NLayer.Caching.csproj", "{5DC00D83-2E1B-44D1-A1D2-8FF28EBEBE59}"
	ProjectSection(ProjectDependencies) = postProject
		{23AA3FD5-2BFC-4A4D-8209-870FBC8A4D09} = {23AA3FD5-2BFC-4A4D-8209-870FBC8A4D09}
	EndProjectSection
EndProject
Global
	GlobalSection(SolutionConfigurationPlatforms) = preSolution
		Debug|Any CPU = Debug|Any CPU
		Release|Any CPU = Release|Any CPU
	EndGlobalSection
	GlobalSection(ProjectConfigurationPlatforms) = postSolution
		{F151B25E-27DB-4689-BF77-B36F4993E08D}.Debug|Any CPU.ActiveCfg = Debug|Any CPU
		{F151B25E-27DB-4689-BF77-B36F4993E08D}.Debug|Any CPU.Build.0 = Debug|Any CPU
		{F151B25E-27DB-4689-BF77-B36F4993E08D}.Release|Any CPU.ActiveCfg = Release|Any CPU
		{F151B25E-27DB-4689-BF77-B36F4993E08D}.Release|Any CPU.Build.0 = Release|Any CPU
		{8E25E285-F041-4904-9CEC-61261D1B5A44}.Debug|Any CPU.ActiveCfg = Debug|Any CPU
		{8E25E285-F041-4904-9CEC-61261D1B5A44}.Debug|Any CPU.Build.0 = Debug|Any CPU
		{8E25E285-F041-4904-9CEC-61261D1B5A44}.Release|Any CPU.ActiveCfg = Release|Any CPU
		{8E25E285-F041-4904-9CEC-61261D1B5A44}.Release|Any CPU.Build.0 = Release|Any CPU
		{23AA3FD5-2BFC-4A4D-8209-870FBC8A4D09}.Debug|Any CPU.ActiveCfg = Debug|Any CPU
		{23AA3FD5-2BFC-4A4D-8209-870FBC8A4D09}.Debug|Any CPU.Build.0 = Debug|Any CPU
		{23AA3FD5-2BFC-4A4D-8209-870FBC8A4D09}.Release|Any CPU.ActiveCfg = Release|Any CPU
		{23AA3FD5-2BFC-4A4D-8209-870FBC8A4D09}.Release|Any CPU.Build.0 = Release|Any CPU
		{81B9B0D9-BAFA-4DCE-927F-452F4E7B8DED}.Debug|Any CPU.ActiveCfg = Debug|Any CPU
		{81B9B0D9-BAFA-4DCE-927F-452F4E7B8DED}.Debug|Any CPU.Build.0 = Debug|Any CPU
		{81B9B0D9-BAFA-4DCE-927F-452F4E7B8DED}.Release|Any CPU.ActiveCfg = Release|Any CPU
		{81B9B0D9-BAFA-4DCE-927F-452F4E7B8DED}.Release|Any CPU.Build.0 = Release|Any CPU
		{09FF9483-A96A-4C9F-BB1F-44E7E0BF9F81}.Debug|Any CPU.ActiveCfg = Debug|Any CPU
		{09FF9483-A96A-4C9F-BB1F-44E7E0BF9F81}.Debug|Any CPU.Build.0 = Debug|Any CPU
		{09FF9483-A96A-4C9F-BB1F-44E7E0BF9F81}.Release|Any CPU.ActiveCfg = Release|Any CPU
		{09FF9483-A96A-4C9F-BB1F-44E7E0BF9F81}.Release|Any CPU.Build.0 = Release|Any CPU
		{5DC00D83-2E1B-44D1-A1D2-8FF28EBEBE59}.Debug|Any CPU.ActiveCfg = Debug|Any CPU
		{5DC00D83-2E1B-44D1-A1D2-8FF28EBEBE59}.Debug|Any CPU.Build.0 = Debug|Any CPU
		{5DC00D83-2E1B-44D1-A1D2-8FF28EBEBE59}.Release|Any CPU.ActiveCfg = Release|Any CPU
		{5DC00D83-2E1B-44D1-A1D2-8FF28EBEBE59}.Release|Any CPU.Build.0 = Release|Any CPU
	EndGlobalSection
	GlobalSection(SolutionProperties) = preSolution
		HideSolutionNode = FALSE
	EndGlobalSection
	GlobalSection(ExtensibilityGlobals) = postSolution
		SolutionGuid = {5998B56F-F05A-4832-97B3-979161A2DEAA}
	EndGlobalSection
EndGlobal
